github.com/foxcpp/go-assuan v1.0.0 h1:KDSEmEGdHOzOjKmFUoaX/FGk1NxG/mHNAIdyksM8e4A=
github.com/foxcpp/go-assuan v1.0.0/go.mod h1:dQEJ9EaSSrUjd/g2PVaVEuV0TaoMDGwoh9XIDH1Q/Sc=
github.com/fxamacker/cbor/v2 v2.9.6 h1:NHZPxuUjJXQjX9itA785y/5NKSlI4HQ+S7noZsmI7hs=
github.com/fxamacker/cbor/v2 v2.9.6/go.mod h1:4EaZp6ClVunETjQ4GHmGNzysDK91Lr+r6Yz6tJqzVCw=
github.com/google/go-tpm v0.9.8 h1:slArAR9Ft+1ybZu0lBwpSmpwhRXaa85hWtMinMyRAWo=
github.com/google/go-tpm v0.9.8/go.mod h1:h9jEsEECg7gtLis0upRBQU+GhYVH6jMjrFxI8u6bVUY=
github.com/pkg/term v1.1.0/go.mod h1:E25nymQcrSllhX42Ok8MRm1+hyBdHY0dCeiKZ9jpNGw=
github.com/psanford/uhid v0.0.0-20210426002309-4864eff247db h1:V67//QISkDEEV+VrYgIzmtG+UCjDX8gQiMuf7f50i8A=
github.com/psanford/uhid v0.0.0-20210426002309-4864eff247db/go.mod h1:l7AmGL56H606RdpAQZ3qizn5ur7SoO9uQA2ZT7ZJ4RI=
github.com/x448/float16 v0.8.4 h1:qLwI1I70+NjRFUR3zs1JPUCgaCXSh3SW62uAKT1mSBM=
github.com/x448/float16 v0.8.4/go.mod h1:14CWIYCyZA/cWjXOioeEpHeN/83MdbZDRQHoFcYsOfg=
golang.org/x/crypto v0.0.0-20210513164829-c07d793c2f9a h1:kr2P4QFmQr29mSLA43kwrOcgcReGTfbE9N577tCTuBc=
golang.org/x/crypto v0.0.0-20210513164829-c07d793c2f9a/go.mod h1:P+XmwS30IXTQdn5tA2iutPOUgjI07+tq3H3K9MVA1s8=
golang.org/x/sys v0.0.0-20200909081042-eff7692f9009/go.mod h1:h1NjWce9XRLGQEsW7wpKNCjG9DtNlClVuFLEZdDNbEs=
golang.org/x/sys v0.8.0 h1:EBmGv8NaZBZTWvrbjNoL6HVt+IVy3QDQpJs7VRIw3tU=
golang.org/x/sys v0.8.0/go.mod h1:oPkhp1MJrh7nUepCBck5+mAzfO9JrbApNNgaTdGDITg=
